// !$*UTF8*$!
{
	archiveVersion = 1;
	classes = {
	};
	objectVersion = 51;
	objects = {

/* Begin PBXBuildFile section */
		180E33BA224DE806008C176D /* LocalMusicVCPresenter.m in Sources */ = {isa = PBXBuildFile; fileRef = 180E33AE224DE806008C176D /* LocalMusicVCPresenter.m */; };
		180E33BB224DE806008C176D /* LocalMusicVCInteractor.m in Sources */ = {isa = PBXBuildFile; fileRef = 180E33B1224DE806008C176D /* LocalMusicVCInteractor.m */; };
		180E33BC224DE806008C176D /* LocalMusicVCRouter.m in Sources */ = {isa = PBXBuildFile; fileRef = 180E33B4224DE806008C176D /* LocalMusicVCRouter.m */; };
		180E33BD224DE806008C176D /* LocalMusicVC.m in Sources */ = {isa = PBXBuildFile; fileRef = 180E33B8224DE806008C176D /* LocalMusicVC.m */; };
		180E33C1224E11AF008C176D /* FileTool.m in Sources */ = {isa = PBXBuildFile; fileRef = 180E33C0224E11AF008C176D /* FileTool.m */; };
		180E33C4224E11F7008C176D /* FileEntity.m in Sources */ = {isa = PBXBuildFile; fileRef = 180E33C3224E11F7008C176D /* FileEntity.m */; };
		183BF3DB224A1DBB004DE115 /* AppDelegate.m in Sources */ = {isa = PBXBuildFile; fileRef = 183BF3DA224A1DBB004DE115 /* AppDelegate.m */; };
		183BF3E1224A1DBB004DE115 /* Main.storyboard in Resources */ = {isa = PBXBuildFile; fileRef = 183BF3DF224A1DBB004DE115 /* Main.storyboard */; };
		183BF3E3224A1DBD004DE115 /* Assets.xcassets in Resources */ = {isa = PBXBuildFile; fileRef = 183BF3E2224A1DBD004DE115 /* Assets.xcassets */; };
		183BF3E6224A1DBD004DE115 /* LaunchScreen.storyboard in Resources */ = {isa = PBXBuildFile; fileRef = 183BF3E4224A1DBD004DE115 /* LaunchScreen.storyboard */; };
		183BF3E9224A1DBD004DE115 /* main.m in Sources */ = {isa = PBXBuildFile; fileRef = 183BF3E8224A1DBD004DE115 /* main.m */; };
		183BF425224A22EC004DE115 /* RootVCRouter.m in Sources */ = {isa = PBXBuildFile; fileRef = 183BF41A224A22EC004DE115 /* RootVCRouter.m */; };
		183BF426224A22EC004DE115 /* RootVC.m in Sources */ = {isa = PBXBuildFile; fileRef = 183BF41E224A22EC004DE115 /* RootVC.m */; };
		183BF427224A22EC004DE115 /* RootVCInteractor.m in Sources */ = {isa = PBXBuildFile; fileRef = 183BF420224A22EC004DE115 /* RootVCInteractor.m */; };
		183BF428224A22EC004DE115 /* RootVCPresenter.m in Sources */ = {isa = PBXBuildFile; fileRef = 183BF423224A22EC004DE115 /* RootVCPresenter.m */; };
		183BF42F224A263A004DE115 /* UINavigationController+Jch.m in Sources */ = {isa = PBXBuildFile; fileRef = 183BF42E224A263A004DE115 /* UINavigationController+Jch.m */; };
		184CD1CB224CA66800241B9C /* MusicPlayBar.m in Sources */ = {isa = PBXBuildFile; fileRef = 184CD1CA224CA66800241B9C /* MusicPlayBar.m */; };
		1856158E224DBF0E004BE073 /* MusicPlayList.m in Sources */ = {isa = PBXBuildFile; fileRef = 1856158D224DBF0E004BE073 /* MusicPlayList.m */; };
		18561595224DC089004BE073 /* MusicConfig.m in Sources */ = {isa = PBXBuildFile; fileRef = 18561594224DC089004BE073 /* MusicConfig.m */; };
		185615AC224DC23A004BE073 /* WifiAddFileVCRouter.m in Sources */ = {isa = PBXBuildFile; fileRef = 185615A0224DC239004BE073 /* WifiAddFileVCRouter.m */; };
		185615AD224DC23A004BE073 /* WifiAddFileVCPresenter.m in Sources */ = {isa = PBXBuildFile; fileRef = 185615A3224DC239004BE073 /* WifiAddFileVCPresenter.m */; };
		185615AE224DC23A004BE073 /* WifiAddFileVCInteractor.m in Sources */ = {isa = PBXBuildFile; fileRef = 185615A6224DC239004BE073 /* WifiAddFileVCInteractor.m */; };
		185615AF224DC23A004BE073 /* WifiAddFileVC.m in Sources */ = {isa = PBXBuildFile; fileRef = 185615A9224DC239004BE073 /* WifiAddFileVC.m */; };
		189A5DEE225C94A8001E8A9D /* AppNetRecordConfig.m in Sources */ = {isa = PBXBuildFile; fileRef = 189A5DED225C94A7001E8A9D /* AppNetRecordConfig.m */; };
		189A5DF1225C95E6001E8A9D /* AppVersionCheck.m in Sources */ = {isa = PBXBuildFile; fileRef = 189A5DF0225C95E6001E8A9D /* AppVersionCheck.m */; };
		18DE138F2251AAC9009920D7 /* MusicPlayTool.m in Sources */ = {isa = PBXBuildFile; fileRef = 18DE138D2251AAC8009920D7 /* MusicPlayTool.m */; };
		18DE13922251BD5F009920D7 /* MusicPlayListTool.m in Sources */ = {isa = PBXBuildFile; fileRef = 18DE13912251BD5F009920D7 /* MusicPlayListTool.m */; };
		18DE13A92251F40A009920D7 /* SongListDetailVC.m in Sources */ = {isa = PBXBuildFile; fileRef = 18DE139D2251F40A009920D7 /* SongListDetailVC.m */; };
		18DE13AA2251F40A009920D7 /* SongListDetailVCRouter.m in Sources */ = {isa = PBXBuildFile; fileRef = 18DE13A22251F40A009920D7 /* SongListDetailVCRouter.m */; };
		18DE13AB2251F40A009920D7 /* SongListDetailVCPresenter.m in Sources */ = {isa = PBXBuildFile; fileRef = 18DE13A42251F40A009920D7 /* SongListDetailVCPresenter.m */; };
		18DE13AC2251F40A009920D7 /* SongListDetailVCInteractor.m in Sources */ = {isa = PBXBuildFile; fileRef = 18DE13A72251F40A009920D7 /* SongListDetailVCInteractor.m */; };
		18DE13AF2251F78C009920D7 /* MusicInfoCell.m in Sources */ = {isa = PBXBuildFile; fileRef = 18DE13AE2251F78C009920D7 /* MusicInfoCell.m */; };
		18E52ED32253050C00EF8BF6 /* MusicListCell.m in Sources */ = {isa = PBXBuildFile; fileRef = 18E52ED22253050C00EF8BF6 /* MusicListCell.m */; };
		18E94AAD22609076009A6C8C /* README.md in Resources */ = {isa = PBXBuildFile; fileRef = 18E94AAC22609076009A6C8C /* README.md */; };
		C32678F825145FB9007CADFC /* WidgetKit.framework in Frameworks */ = {isa = PBXBuildFile; fileRef = C32678F725145FB9007CADFC /* WidgetKit.framework */; };
		C32678FA25145FB9007CADFC /* SwiftUI.framework in Frameworks */ = {isa = PBXBuildFile; fileRef = C32678F925145FB9007CADFC /* SwiftUI.framework */; };
		C32678FD25145FB9007CADFC /* widget.swift in Sources */ = {isa = PBXBuildFile; fileRef = C32678FC25145FB9007CADFC /* widget.swift */; };
		C326790025145FBB007CADFC /* Assets.xcassets in Resources */ = {isa = PBXBuildFile; fileRef = C32678FF25145FBB007CADFC /* Assets.xcassets */; };
		C326790225145FBB007CADFC /* widget.intentdefinition in Sources */ = {isa = PBXBuildFile; fileRef = C32678FE25145FB9007CADFC /* widget.intentdefinition */; };
		C326790325145FBB007CADFC /* widget.intentdefinition in Sources */ = {isa = PBXBuildFile; fileRef = C32678FE25145FB9007CADFC /* widget.intentdefinition */; };
		C326790625145FBB007CADFC /* widgetExtension.appex in Embed App Extensions */ = {isa = PBXBuildFile; fileRef = C32678F625145FB9007CADFC /* widgetExtension.appex */; settings = {ATTRIBUTES = (RemoveHeadersOnCopy, ); }; };
		D4807A288BE4B56179FA77D5 /* libPods-LM.a in Frameworks */ = {isa = PBXBuildFile; fileRef = D7B2B70D60E892B2A452617D /* libPods-LM.a */; };
/* End PBXBuildFile section */

/* Begin PBXContainerItemProxy section */
		C326790425145FBB007CADFC /* PBXContainerItemProxy */ = {
			isa = PBXContainerItemProxy;
			containerPortal = 183BF3CE224A1DBB004DE115 /* Project object */;
			proxyType = 1;
			remoteGlobalIDString = C32678F525145FB9007CADFC;
			remoteInfo = widgetExtension;
		};
/* End PBXContainerItemProxy section */

/* Begin PBXCopyFilesBuildPhase section */
		C326790725145FBB007CADFC /* Embed App Extensions */ = {
			isa = PBXCopyFilesBuildPhase;
			buildActionMask = 2147483647;
			dstPath = "";
			dstSubfolderSpec = 13;
			files = (
				C326790625145FBB007CADFC /* widgetExtension.appex in Embed App Extensions */,
			);
			name = "Embed App Extensions";
			runOnlyForDeploymentPostprocessing = 0;
		};
/* End PBXCopyFilesBuildPhase section */

/* Begin PBXFileReference section */
		078253BCBD17386773F1E16B /* Pods-LMTests.release.xcconfig */ = {isa = PBXFileReference; includeInIndex = 1; lastKnownFileType = text.xcconfig; name = "Pods-LMTests.release.xcconfig"; path = "Target Support Files/Pods-LMTests/Pods-LMTests.release.xcconfig"; sourceTree = "<group>"; };
		10C5C4B7FE0029CD46C0C165 /* Pods-LM.debug.xcconfig */ = {isa = PBXFileReference; includeInIndex = 1; lastKnownFileType = text.xcconfig; name = "Pods-LM.debug.xcconfig"; path = "Target Support Files/Pods-LM/Pods-LM.debug.xcconfig"; sourceTree = "<group>"; };
		180E33AE224DE806008C176D /* LocalMusicVCPresenter.m */ = {isa = PBXFileReference; fileEncoding = 4; lastKnownFileType = sourcecode.c.objc; path = LocalMusicVCPresenter.m; sourceTree = "<group>"; };
		180E33AF224DE806008C176D /* LocalMusicVCPresenter.h */ = {isa = PBXFileReference; fileEncoding = 4; lastKnownFileType = sourcecode.c.h; path = LocalMusicVCPresenter.h; sourceTree = "<group>"; };
		180E33B1224DE806008C176D /* LocalMusicVCInteractor.m */ = {isa = PBXFileReference; fileEncoding = 4; lastKnownFileType = sourcecode.c.objc; path = LocalMusicVCInteractor.m; sourceTree = "<group>"; };
		180E33B2224DE806008C176D /* LocalMusicVCInteractor.h */ = {isa = PBXFileReference; fileEncoding = 4; lastKnownFileType = sourcecode.c.h; path = LocalMusicVCInteractor.h; sourceTree = "<group>"; };
		180E33B4224DE806008C176D /* LocalMusicVCRouter.m */ = {isa = PBXFileReference; fileEncoding = 4; lastKnownFileType = sourcecode.c.objc; path = LocalMusicVCRouter.m; sourceTree = "<group>"; };
		180E33B5224DE806008C176D /* LocalMusicVCRouter.h */ = {isa = PBXFileReference; fileEncoding = 4; lastKnownFileType = sourcecode.c.h; path = LocalMusicVCRouter.h; sourceTree = "<group>"; };
		180E33B7224DE806008C176D /* LocalMusicVCProtocol.h */ = {isa = PBXFileReference; fileEncoding = 4; lastKnownFileType = sourcecode.c.h; path = LocalMusicVCProtocol.h; sourceTree = "<group>"; };
		180E33B8224DE806008C176D /* LocalMusicVC.m */ = {isa = PBXFileReference; fileEncoding = 4; lastKnownFileType = sourcecode.c.objc; path = LocalMusicVC.m; sourceTree = "<group>"; };
		180E33B9224DE806008C176D /* LocalMusicVC.h */ = {isa = PBXFileReference; fileEncoding = 4; lastKnownFileType = sourcecode.c.h; path = LocalMusicVC.h; sourceTree = "<group>"; };
		180E33BF224E11AF008C176D /* FileTool.h */ = {isa = PBXFileReference; lastKnownFileType = sourcecode.c.h; path = FileTool.h; sourceTree = "<group>"; };
		180E33C0224E11AF008C176D /* FileTool.m */ = {isa = PBXFileReference; lastKnownFileType = sourcecode.c.objc; path = FileTool.m; sourceTree = "<group>"; };
		180E33C2224E11F7008C176D /* FileEntity.h */ = {isa = PBXFileReference; lastKnownFileType = sourcecode.c.h; path = FileEntity.h; sourceTree = "<group>"; };
		180E33C3224E11F7008C176D /* FileEntity.m */ = {isa = PBXFileReference; lastKnownFileType = sourcecode.c.objc; path = FileEntity.m; sourceTree = "<group>"; };
		183BF3D6224A1DBB004DE115 /* LM.app */ = {isa = PBXFileReference; explicitFileType = wrapper.application; includeInIndex = 0; path = LM.app; sourceTree = BUILT_PRODUCTS_DIR; };
		183BF3D9224A1DBB004DE115 /* AppDelegate.h */ = {isa = PBXFileReference; lastKnownFileType = sourcecode.c.h; path = AppDelegate.h; sourceTree = "<group>"; };
		183BF3DA224A1DBB004DE115 /* AppDelegate.m */ = {isa = PBXFileReference; lastKnownFileType = sourcecode.c.objc; path = AppDelegate.m; sourceTree = "<group>"; };
		183BF3E0224A1DBB004DE115 /* Base */ = {isa = PBXFileReference; lastKnownFileType = file.storyboard; name = Base; path = Base.lproj/Main.storyboard; sourceTree = "<group>"; };
		183BF3E2224A1DBD004DE115 /* Assets.xcassets */ = {isa = PBXFileReference; lastKnownFileType = folder.assetcatalog; path = Assets.xcassets; sourceTree = "<group>"; };
		183BF3E5224A1DBD004DE115 /* Base */ = {isa = PBXFileReference; lastKnownFileType = file.storyboard; name = Base; path = Base.lproj/LaunchScreen.storyboard; sourceTree = "<group>"; };
		183BF3E7224A1DBD004DE115 /* Info.plist */ = {isa = PBXFileReference; lastKnownFileType = text.plist.xml; path = Info.plist; sourceTree = "<group>"; };
		183BF3E8224A1DBD004DE115 /* main.m */ = {isa = PBXFileReference; lastKnownFileType = sourcecode.c.objc; path = main.m; sourceTree = "<group>"; };
		183BF40F224A20E0004DE115 /* AppPrefix.h */ = {isa = PBXFileReference; lastKnownFileType = sourcecode.c.h; path = AppPrefix.h; sourceTree = "<group>"; };
		183BF419224A22EC004DE115 /* RootVCRouter.h */ = {isa = PBXFileReference; fileEncoding = 4; lastKnownFileType = sourcecode.c.h; path = RootVCRouter.h; sourceTree = "<group>"; };
		183BF41A224A22EC004DE115 /* RootVCRouter.m */ = {isa = PBXFileReference; fileEncoding = 4; lastKnownFileType = sourcecode.c.objc; path = RootVCRouter.m; sourceTree = "<group>"; };
		183BF41C224A22EC004DE115 /* RootVC.h */ = {isa = PBXFileReference; fileEncoding = 4; lastKnownFileType = sourcecode.c.h; path = RootVC.h; sourceTree = "<group>"; };
		183BF41D224A22EC004DE115 /* RootVCProtocol.h */ = {isa = PBXFileReference; fileEncoding = 4; lastKnownFileType = sourcecode.c.h; path = RootVCProtocol.h; sourceTree = "<group>"; };
		183BF41E224A22EC004DE115 /* RootVC.m */ = {isa = PBXFileReference; fileEncoding = 4; lastKnownFileType = sourcecode.c.objc; path = RootVC.m; sourceTree = "<group>"; };
		183BF420224A22EC004DE115 /* RootVCInteractor.m */ = {isa = PBXFileReference; fileEncoding = 4; lastKnownFileType = sourcecode.c.objc; path = RootVCInteractor.m; sourceTree = "<group>"; };
		183BF421224A22EC004DE115 /* RootVCInteractor.h */ = {isa = PBXFileReference; fileEncoding = 4; lastKnownFileType = sourcecode.c.h; path = RootVCInteractor.h; sourceTree = "<group>"; };
		183BF423224A22EC004DE115 /* RootVCPresenter.m */ = {isa = PBXFileReference; fileEncoding = 4; lastKnownFileType = sourcecode.c.objc; path = RootVCPresenter.m; sourceTree = "<group>"; };
		183BF424224A22EC004DE115 /* RootVCPresenter.h */ = {isa = PBXFileReference; fileEncoding = 4; lastKnownFileType = sourcecode.c.h; path = RootVCPresenter.h; sourceTree = "<group>"; };
		183BF42D224A263A004DE115 /* UINavigationController+Jch.h */ = {isa = PBXFileReference; fileEncoding = 4; lastKnownFileType = sourcecode.c.h; path = "UINavigationController+Jch.h"; sourceTree = "<group>"; };
		183BF42E224A263A004DE115 /* UINavigationController+Jch.m */ = {isa = PBXFileReference; fileEncoding = 4; lastKnownFileType = sourcecode.c.objc; path = "UINavigationController+Jch.m"; sourceTree = "<group>"; };
		184CD1C9224CA66800241B9C /* MusicPlayBar.h */ = {isa = PBXFileReference; lastKnownFileType = sourcecode.c.h; path = MusicPlayBar.h; sourceTree = "<group>"; };
		184CD1CA224CA66800241B9C /* MusicPlayBar.m */ = {isa = PBXFileReference; lastKnownFileType = sourcecode.c.objc; path = MusicPlayBar.m; sourceTree = "<group>"; };
		1856158C224DBF0E004BE073 /* MusicPlayList.h */ = {isa = PBXFileReference; lastKnownFileType = sourcecode.c.h; path = MusicPlayList.h; sourceTree = "<group>"; };
		1856158D224DBF0E004BE073 /* MusicPlayList.m */ = {isa = PBXFileReference; lastKnownFileType = sourcecode.c.objc; path = MusicPlayList.m; sourceTree = "<group>"; };
		18561593224DC089004BE073 /* MusicConfig.h */ = {isa = PBXFileReference; lastKnownFileType = sourcecode.c.h; path = MusicConfig.h; sourceTree = "<group>"; };
		18561594224DC089004BE073 /* MusicConfig.m */ = {isa = PBXFileReference; lastKnownFileType = sourcecode.c.objc; path = MusicConfig.m; sourceTree = "<group>"; };
		185615A0224DC239004BE073 /* WifiAddFileVCRouter.m */ = {isa = PBXFileReference; fileEncoding = 4; lastKnownFileType = sourcecode.c.objc; path = WifiAddFileVCRouter.m; sourceTree = "<group>"; };
		185615A1224DC239004BE073 /* WifiAddFileVCRouter.h */ = {isa = PBXFileReference; fileEncoding = 4; lastKnownFileType = sourcecode.c.h; path = WifiAddFileVCRouter.h; sourceTree = "<group>"; };
		185615A3224DC239004BE073 /* WifiAddFileVCPresenter.m */ = {isa = PBXFileReference; fileEncoding = 4; lastKnownFileType = sourcecode.c.objc; path = WifiAddFileVCPresenter.m; sourceTree = "<group>"; };
		185615A4224DC239004BE073 /* WifiAddFileVCPresenter.h */ = {isa = PBXFileReference; fileEncoding = 4; lastKnownFileType = sourcecode.c.h; path = WifiAddFileVCPresenter.h; sourceTree = "<group>"; };
		185615A6224DC239004BE073 /* WifiAddFileVCInteractor.m */ = {isa = PBXFileReference; fileEncoding = 4; lastKnownFileType = sourcecode.c.objc; path = WifiAddFileVCInteractor.m; sourceTree = "<group>"; };
		185615A7224DC239004BE073 /* WifiAddFileVCInteractor.h */ = {isa = PBXFileReference; fileEncoding = 4; lastKnownFileType = sourcecode.c.h; path = WifiAddFileVCInteractor.h; sourceTree = "<group>"; };
		185615A9224DC239004BE073 /* WifiAddFileVC.m */ = {isa = PBXFileReference; fileEncoding = 4; lastKnownFileType = sourcecode.c.objc; path = WifiAddFileVC.m; sourceTree = "<group>"; };
		185615AA224DC239004BE073 /* WifiAddFileVC.h */ = {isa = PBXFileReference; fileEncoding = 4; lastKnownFileType = sourcecode.c.h; path = WifiAddFileVC.h; sourceTree = "<group>"; };
		185615AB224DC239004BE073 /* WifiAddFileVCProtocol.h */ = {isa = PBXFileReference; fileEncoding = 4; lastKnownFileType = sourcecode.c.h; path = WifiAddFileVCProtocol.h; sourceTree = "<group>"; };
		189A5DEB225C92AD001E8A9D /* version.json */ = {isa = PBXFileReference; lastKnownFileType = text.json; path = version.json; sourceTree = "<group>"; };
		189A5DEC225C94A7001E8A9D /* AppNetRecordConfig.h */ = {isa = PBXFileReference; fileEncoding = 4; lastKnownFileType = sourcecode.c.h; path = AppNetRecordConfig.h; sourceTree = "<group>"; };
		189A5DED225C94A7001E8A9D /* AppNetRecordConfig.m */ = {isa = PBXFileReference; fileEncoding = 4; lastKnownFileType = sourcecode.c.objc; path = AppNetRecordConfig.m; sourceTree = "<group>"; };
		189A5DEF225C95E6001E8A9D /* AppVersionCheck.h */ = {isa = PBXFileReference; lastKnownFileType = sourcecode.c.h; path = AppVersionCheck.h; sourceTree = "<group>"; };
		189A5DF0225C95E6001E8A9D /* AppVersionCheck.m */ = {isa = PBXFileReference; lastKnownFileType = sourcecode.c.objc; path = AppVersionCheck.m; sourceTree = "<group>"; };
		18D1B3F8225F2BD40014AA89 /* zh-Hans */ = {isa = PBXFileReference; lastKnownFileType = text.plist.strings; name = "zh-Hans"; path = "zh-Hans.lproj/Main.strings"; sourceTree = "<group>"; };
		18D1B3F9225F2BD50014AA89 /* zh-Hans */ = {isa = PBXFileReference; lastKnownFileType = text.plist.strings; name = "zh-Hans"; path = "zh-Hans.lproj/LaunchScreen.strings"; sourceTree = "<group>"; };
		18DE138D2251AAC8009920D7 /* MusicPlayTool.m */ = {isa = PBXFileReference; fileEncoding = 4; lastKnownFileType = sourcecode.c.objc; path = MusicPlayTool.m; sourceTree = "<group>"; };
		18DE138E2251AAC9009920D7 /* MusicPlayTool.h */ = {isa = PBXFileReference; fileEncoding = 4; lastKnownFileType = sourcecode.c.h; path = MusicPlayTool.h; sourceTree = "<group>"; };
		18DE13902251BD5F009920D7 /* MusicPlayListTool.h */ = {isa = PBXFileReference; lastKnownFileType = sourcecode.c.h; path = MusicPlayListTool.h; sourceTree = "<group>"; };
		18DE13912251BD5F009920D7 /* MusicPlayListTool.m */ = {isa = PBXFileReference; lastKnownFileType = sourcecode.c.objc; path = MusicPlayListTool.m; sourceTree = "<group>"; };
		18DE139D2251F40A009920D7 /* SongListDetailVC.m */ = {isa = PBXFileReference; fileEncoding = 4; lastKnownFileType = sourcecode.c.objc; path = SongListDetailVC.m; sourceTree = "<group>"; };
		18DE139E2251F40A009920D7 /* SongListDetailVCProtocol.h */ = {isa = PBXFileReference; fileEncoding = 4; lastKnownFileType = sourcecode.c.h; path = SongListDetailVCProtocol.h; sourceTree = "<group>"; };
		18DE139F2251F40A009920D7 /* SongListDetailVC.h */ = {isa = PBXFileReference; fileEncoding = 4; lastKnownFileType = sourcecode.c.h; path = SongListDetailVC.h; sourceTree = "<group>"; };
		18DE13A12251F40A009920D7 /* SongListDetailVCRouter.h */ = {isa = PBXFileReference; fileEncoding = 4; lastKnownFileType = sourcecode.c.h; path = SongListDetailVCRouter.h; sourceTree = "<group>"; };
		18DE13A22251F40A009920D7 /* SongListDetailVCRouter.m */ = {isa = PBXFileReference; fileEncoding = 4; lastKnownFileType = sourcecode.c.objc; path = SongListDetailVCRouter.m; sourceTree = "<group>"; };
		18DE13A42251F40A009920D7 /* SongListDetailVCPresenter.m */ = {isa = PBXFileReference; fileEncoding = 4; lastKnownFileType = sourcecode.c.objc; path = SongListDetailVCPresenter.m; sourceTree = "<group>"; };
		18DE13A52251F40A009920D7 /* SongListDetailVCPresenter.h */ = {isa = PBXFileReference; fileEncoding = 4; lastKnownFileType = sourcecode.c.h; path = SongListDetailVCPresenter.h; sourceTree = "<group>"; };
		18DE13A72251F40A009920D7 /* SongListDetailVCInteractor.m */ = {isa = PBXFileReference; fileEncoding = 4; lastKnownFileType = sourcecode.c.objc; path = SongListDetailVCInteractor.m; sourceTree = "<group>"; };
		18DE13A82251F40A009920D7 /* SongListDetailVCInteractor.h */ = {isa = PBXFileReference; fileEncoding = 4; lastKnownFileType = sourcecode.c.h; path = SongListDetailVCInteractor.h; sourceTree = "<group>"; };
		18DE13AD2251F78C009920D7 /* MusicInfoCell.h */ = {isa = PBXFileReference; lastKnownFileType = sourcecode.c.h; path = MusicInfoCell.h; sourceTree = "<group>"; };
		18DE13AE2251F78C009920D7 /* MusicInfoCell.m */ = {isa = PBXFileReference; lastKnownFileType = sourcecode.c.objc; path = MusicInfoCell.m; sourceTree = "<group>"; };
		18E52ED12253050C00EF8BF6 /* MusicListCell.h */ = {isa = PBXFileReference; lastKnownFileType = sourcecode.c.h; path = MusicListCell.h; sourceTree = "<group>"; };
		18E52ED22253050C00EF8BF6 /* MusicListCell.m */ = {isa = PBXFileReference; lastKnownFileType = sourcecode.c.objc; path = MusicListCell.m; sourceTree = "<group>"; };
		18E94AAC22609076009A6C8C /* README.md */ = {isa = PBXFileReference; fileEncoding = 4; lastKnownFileType = net.daringfireball.markdown; path = README.md; sourceTree = "<group>"; };
		29BA81301DB9758FD1B2E469 /* libPods-LMTests.a */ = {isa = PBXFileReference; explicitFileType = archive.ar; includeInIndex = 0; path = "libPods-LMTests.a"; sourceTree = BUILT_PRODUCTS_DIR; };
		4BD68A1A6DDCAC558466342A /* Pods-LMTests.debug.xcconfig */ = {isa = PBXFileReference; includeInIndex = 1; lastKnownFileType = text.xcconfig; name = "Pods-LMTests.debug.xcconfig"; path = "Target Support Files/Pods-LMTests/Pods-LMTests.debug.xcconfig"; sourceTree = "<group>"; };
		767D491D9049577971B2EEE5 /* Pods-LMUITests.debug.xcconfig */ = {isa = PBXFileReference; includeInIndex = 1; lastKnownFileType = text.xcconfig; name = "Pods-LMUITests.debug.xcconfig"; path = "Target Support Files/Pods-LMUITests/Pods-LMUITests.debug.xcconfig"; sourceTree = "<group>"; };
		80F3B930C3AFCB09C6C2E77B /* Pods-LMUITests.release.xcconfig */ = {isa = PBXFileReference; includeInIndex = 1; lastKnownFileType = text.xcconfig; name = "Pods-LMUITests.release.xcconfig"; path = "Target Support Files/Pods-LMUITests/Pods-LMUITests.release.xcconfig"; sourceTree = "<group>"; };
		C32678F625145FB9007CADFC /* widgetExtension.appex */ = {isa = PBXFileReference; explicitFileType = "wrapper.app-extension"; includeInIndex = 0; path = widgetExtension.appex; sourceTree = BUILT_PRODUCTS_DIR; };
		C32678F725145FB9007CADFC /* WidgetKit.framework */ = {isa = PBXFileReference; lastKnownFileType = wrapper.framework; name = WidgetKit.framework; path = System/Library/Frameworks/WidgetKit.framework; sourceTree = SDKROOT; };
		C32678F925145FB9007CADFC /* SwiftUI.framework */ = {isa = PBXFileReference; lastKnownFileType = wrapper.framework; name = SwiftUI.framework; path = System/Library/Frameworks/SwiftUI.framework; sourceTree = SDKROOT; };
		C32678FC25145FB9007CADFC /* widget.swift */ = {isa = PBXFileReference; lastKnownFileType = sourcecode.swift; path = widget.swift; sourceTree = "<group>"; };
		C32678FE25145FB9007CADFC /* widget.intentdefinition */ = {isa = PBXFileReference; lastKnownFileType = file.intentdefinition; path = widget.intentdefinition; sourceTree = "<group>"; };
		C32678FF25145FBB007CADFC /* Assets.xcassets */ = {isa = PBXFileReference; lastKnownFileType = folder.assetcatalog; path = Assets.xcassets; sourceTree = "<group>"; };
		C326790125145FBB007CADFC /* Info.plist */ = {isa = PBXFileReference; lastKnownFileType = text.plist.xml; path = Info.plist; sourceTree = "<group>"; };
		D517352033FD9281F808A739 /* Pods-LM.release.xcconfig */ = {isa = PBXFileReference; includeInIndex = 1; lastKnownFileType = text.xcconfig; name = "Pods-LM.release.xcconfig"; path = "Target Support Files/Pods-LM/Pods-LM.release.xcconfig"; sourceTree = "<group>"; };
		D7B2B70D60E892B2A452617D /* libPods-LM.a */ = {isa = PBXFileReference; explicitFileType = archive.ar; includeInIndex = 0; path = "libPods-LM.a"; sourceTree = BUILT_PRODUCTS_DIR; };
		F9733473842C796E3D6C9304 /* libPods-LMUITests.a */ = {isa = PBXFileReference; explicitFileType = archive.ar; includeInIndex = 0; path = "libPods-LMUITests.a"; sourceTree = BUILT_PRODUCTS_DIR; };
/* End PBXFileReference section */

/* Begin PBXFrameworksBuildPhase section */
		183BF3D3224A1DBB004DE115 /* Frameworks */ = {
			isa = PBXFrameworksBuildPhase;
			buildActionMask = 2147483647;
			files = (
				D4807A288BE4B56179FA77D5 /* libPods-LM.a in Frameworks */,
			);
			runOnlyForDeploymentPostprocessing = 0;
		};
		C32678F325145FB9007CADFC /* Frameworks */ = {
			isa = PBXFrameworksBuildPhase;
			buildActionMask = 2147483647;
			files = (
				C32678FA25145FB9007CADFC /* SwiftUI.framework in Frameworks */,
				C32678F825145FB9007CADFC /* WidgetKit.framework in Frameworks */,
			);
			runOnlyForDeploymentPostprocessing = 0;
		};
/* End PBXFrameworksBuildPhase section */

/* Begin PBXGroup section */
		0B0C5FBA42BB1E556BC29FF6 /* Frameworks */ = {
			isa = PBXGroup;
			children = (
				D7B2B70D60E892B2A452617D /* libPods-LM.a */,
				29BA81301DB9758FD1B2E469 /* libPods-LMTests.a */,
				F9733473842C796E3D6C9304 /* libPods-LMUITests.a */,
				C32678F725145FB9007CADFC /* WidgetKit.framework */,
				C32678F925145FB9007CADFC /* SwiftUI.framework */,
			);
			name = Frameworks;
			sourceTree = "<group>";
		};
		180E33A4224DE7E5008C176D /* LocalMusicVC */ = {
			isa = PBXGroup;
			children = (
				180E33B6224DE806008C176D /* View */,
				180E33AD224DE806008C176D /* Presenter */,
				180E33B0224DE806008C176D /* Interactor */,
				180E33B3224DE806008C176D /* Router */,
			);
			path = LocalMusicVC;
			sourceTree = "<group>";
		};
		180E33AD224DE806008C176D /* Presenter */ = {
			isa = PBXGroup;
			children = (
				180E33AF224DE806008C176D /* LocalMusicVCPresenter.h */,
				180E33AE224DE806008C176D /* LocalMusicVCPresenter.m */,
			);
			path = Presenter;
			sourceTree = "<group>";
		};
		180E33B0224DE806008C176D /* Interactor */ = {
			isa = PBXGroup;
			children = (
				180E33B2224DE806008C176D /* LocalMusicVCInteractor.h */,
				180E33B1224DE806008C176D /* LocalMusicVCInteractor.m */,
			);
			path = Interactor;
			sourceTree = "<group>";
		};
		180E33B3224DE806008C176D /* Router */ = {
			isa = PBXGroup;
			children = (
				180E33B5224DE806008C176D /* LocalMusicVCRouter.h */,
				180E33B4224DE806008C176D /* LocalMusicVCRouter.m */,
			);
			path = Router;
			sourceTree = "<group>";
		};
		180E33B6224DE806008C176D /* View */ = {
			isa = PBXGroup;
			children = (
				18DE13B02251F790009920D7 /* cell */,
				180E33B9224DE806008C176D /* LocalMusicVC.h */,
				180E33B8224DE806008C176D /* LocalMusicVC.m */,
				180E33B7224DE806008C176D /* LocalMusicVCProtocol.h */,
			);
			path = View;
			sourceTree = "<group>";
		};
		180E33BE224E1194008C176D /* FileTool */ = {
			isa = PBXGroup;
			children = (
				180E33BF224E11AF008C176D /* FileTool.h */,
				180E33C0224E11AF008C176D /* FileTool.m */,
				180E33C2224E11F7008C176D /* FileEntity.h */,
				180E33C3224E11F7008C176D /* FileEntity.m */,
			);
			path = FileTool;
			sourceTree = "<group>";
		};
		183BF3CD224A1DBB004DE115 = {
			isa = PBXGroup;
			children = (
				18E94AAC22609076009A6C8C /* README.md */,
				183BF3D8224A1DBB004DE115 /* LM */,
				C32678FB25145FB9007CADFC /* widget */,
				183BF3D7224A1DBB004DE115 /* Products */,
				87C314330D17CE51241C552F /* Pods */,
				0B0C5FBA42BB1E556BC29FF6 /* Frameworks */,
			);
			sourceTree = "<group>";
		};
		183BF3D7224A1DBB004DE115 /* Products */ = {
			isa = PBXGroup;
			children = (
				183BF3D6224A1DBB004DE115 /* LM.app */,
				C32678F625145FB9007CADFC /* widgetExtension.appex */,
			);
			name = Products;
			sourceTree = "<group>";
		};
		183BF3D8224A1DBB004DE115 /* LM */ = {
			isa = PBXGroup;
			children = (
				183BF40B224A1EF1004DE115 /* other */,
				183BF42B224A25B0004DE115 /* Public */,
				183BF429224A24EF004DE115 /* App */,
				184F3703224B25D000FEB57B /* Root */,
				184F370E224B26A100FEB57B /* Fun */,
			);
			path = LM;
			sourceTree = "<group>";
		};
		183BF40B224A1EF1004DE115 /* other */ = {
			isa = PBXGroup;
			children = (
				183BF40F224A20E0004DE115 /* AppPrefix.h */,
				183BF3DF224A1DBB004DE115 /* Main.storyboard */,
				183BF3E2224A1DBD004DE115 /* Assets.xcassets */,
				183BF3E4224A1DBD004DE115 /* LaunchScreen.storyboard */,
				183BF3E7224A1DBD004DE115 /* Info.plist */,
				183BF3E8224A1DBD004DE115 /* main.m */,
				189A5DEB225C92AD001E8A9D /* version.json */,
			);
			name = other;
			sourceTree = "<group>";
		};
		183BF40C224A2064004DE115 /* RootVC */ = {
			isa = PBXGroup;
			children = (
				183BF41B224A22EC004DE115 /* View */,
				183BF422224A22EC004DE115 /* Presenter */,
				183BF41F224A22EC004DE115 /* Interactor */,
				183BF418224A22EC004DE115 /* Router */,
			);
			path = RootVC;
			sourceTree = "<group>";
		};
		183BF418224A22EC004DE115 /* Router */ = {
			isa = PBXGroup;
			children = (
				183BF419224A22EC004DE115 /* RootVCRouter.h */,
				183BF41A224A22EC004DE115 /* RootVCRouter.m */,
			);
			path = Router;
			sourceTree = "<group>";
		};
		183BF41B224A22EC004DE115 /* View */ = {
			isa = PBXGroup;
			children = (
				18E52ED0225304F700EF8BF6 /* MusicListCell */,
				183BF41C224A22EC004DE115 /* RootVC.h */,
				183BF41E224A22EC004DE115 /* RootVC.m */,
				183BF41D224A22EC004DE115 /* RootVCProtocol.h */,
			);
			path = View;
			sourceTree = "<group>";
		};
		183BF41F224A22EC004DE115 /* Interactor */ = {
			isa = PBXGroup;
			children = (
				183BF421224A22EC004DE115 /* RootVCInteractor.h */,
				183BF420224A22EC004DE115 /* RootVCInteractor.m */,
			);
			path = Interactor;
			sourceTree = "<group>";
		};
		183BF422224A22EC004DE115 /* Presenter */ = {
			isa = PBXGroup;
			children = (
				183BF424224A22EC004DE115 /* RootVCPresenter.h */,
				183BF423224A22EC004DE115 /* RootVCPresenter.m */,
			);
			path = Presenter;
			sourceTree = "<group>";
		};
		183BF429224A24EF004DE115 /* App */ = {
			isa = PBXGroup;
			children = (
				183BF3D9224A1DBB004DE115 /* AppDelegate.h */,
				183BF3DA224A1DBB004DE115 /* AppDelegate.m */,
				183BF42A224A24FD004DE115 /* config */,
			);
			path = App;
			sourceTree = "<group>";
		};
		183BF42A224A24FD004DE115 /* config */ = {
			isa = PBXGroup;
			children = (
				189A5DEC225C94A7001E8A9D /* AppNetRecordConfig.h */,
				189A5DED225C94A7001E8A9D /* AppNetRecordConfig.m */,
				189A5DEF225C95E6001E8A9D /* AppVersionCheck.h */,
				189A5DF0225C95E6001E8A9D /* AppVersionCheck.m */,
			);
			path = config;
			sourceTree = "<group>";
		};
		183BF42B224A25B0004DE115 /* Public */ = {
			isa = PBXGroup;
			children = (
				180E33BE224E1194008C176D /* FileTool */,
				18561592224DC077004BE073 /* MusicConfig */,
				1856158B224DBEF7004BE073 /* MusicPalyList */,
				184CD1CC224CB99400241B9C /* MusicPlayTool */,
				184CD1C8224CA60600241B9C /* MusicPlayBar */,
				183BF42C224A263A004DE115 /* NC */,
			);
			path = Public;
			sourceTree = "<group>";
		};
		183BF42C224A263A004DE115 /* NC */ = {
			isa = PBXGroup;
			children = (
				183BF42D224A263A004DE115 /* UINavigationController+Jch.h */,
				183BF42E224A263A004DE115 /* UINavigationController+Jch.m */,
			);
			path = NC;
			sourceTree = "<group>";
		};
		184CD1C8224CA60600241B9C /* MusicPlayBar */ = {
			isa = PBXGroup;
			children = (
				184CD1C9224CA66800241B9C /* MusicPlayBar.h */,
				184CD1CA224CA66800241B9C /* MusicPlayBar.m */,
			);
			path = MusicPlayBar;
			sourceTree = "<group>";
		};
		184CD1CC224CB99400241B9C /* MusicPlayTool */ = {
			isa = PBXGroup;
			children = (
				18DE138E2251AAC9009920D7 /* MusicPlayTool.h */,
				18DE138D2251AAC8009920D7 /* MusicPlayTool.m */,
			);
			path = MusicPlayTool;
			sourceTree = "<group>";
		};
		184F3703224B25D000FEB57B /* Root */ = {
			isa = PBXGroup;
			children = (
				183BF40C224A2064004DE115 /* RootVC */,
			);
			path = Root;
			sourceTree = "<group>";
		};
		184F370E224B26A100FEB57B /* Fun */ = {
			isa = PBXGroup;
			children = (
				18DE13932251F380009920D7 /* SongListDetailVC */,
				18561596224DC1D0004BE073 /* WifiAddFileVC */,
				180E33A4224DE7E5008C176D /* LocalMusicVC */,
			);
			path = Fun;
			sourceTree = "<group>";
		};
		1856158B224DBEF7004BE073 /* MusicPalyList */ = {
			isa = PBXGroup;
			children = (
				1856158C224DBF0E004BE073 /* MusicPlayList.h */,
				1856158D224DBF0E004BE073 /* MusicPlayList.m */,
				18DE13902251BD5F009920D7 /* MusicPlayListTool.h */,
				18DE13912251BD5F009920D7 /* MusicPlayListTool.m */,
			);
			path = MusicPalyList;
			sourceTree = "<group>";
		};
		18561592224DC077004BE073 /* MusicConfig */ = {
			isa = PBXGroup;
			children = (
				18561593224DC089004BE073 /* MusicConfig.h */,
				18561594224DC089004BE073 /* MusicConfig.m */,
			);
			path = MusicConfig;
			sourceTree = "<group>";
		};
		18561596224DC1D0004BE073 /* WifiAddFileVC */ = {
			isa = PBXGroup;
			children = (
				185615A8224DC239004BE073 /* View */,
				185615A2224DC239004BE073 /* Presenter */,
				185615A5224DC239004BE073 /* Interactor */,
				1856159F224DC239004BE073 /* Router */,
			);
			path = WifiAddFileVC;
			sourceTree = "<group>";
		};
		1856159F224DC239004BE073 /* Router */ = {
			isa = PBXGroup;
			children = (
				185615A1224DC239004BE073 /* WifiAddFileVCRouter.h */,
				185615A0224DC239004BE073 /* WifiAddFileVCRouter.m */,
			);
			path = Router;
			sourceTree = "<group>";
		};
		185615A2224DC239004BE073 /* Presenter */ = {
			isa = PBXGroup;
			children = (
				185615A4224DC239004BE073 /* WifiAddFileVCPresenter.h */,
				185615A3224DC239004BE073 /* WifiAddFileVCPresenter.m */,
			);
			path = Presenter;
			sourceTree = "<group>";
		};
		185615A5224DC239004BE073 /* Interactor */ = {
			isa = PBXGroup;
			children = (
				185615A7224DC239004BE073 /* WifiAddFileVCInteractor.h */,
				185615A6224DC239004BE073 /* WifiAddFileVCInteractor.m */,
			);
			path = Interactor;
			sourceTree = "<group>";
		};
		185615A8224DC239004BE073 /* View */ = {
			isa = PBXGroup;
			children = (
				185615AA224DC239004BE073 /* WifiAddFileVC.h */,
				185615A9224DC239004BE073 /* WifiAddFileVC.m */,
				185615AB224DC239004BE073 /* WifiAddFileVCProtocol.h */,
			);
			path = View;
			sourceTree = "<group>";
		};
		18DE13932251F380009920D7 /* SongListDetailVC */ = {
			isa = PBXGroup;
			children = (
				18DE139C2251F40A009920D7 /* View */,
				18DE13A32251F40A009920D7 /* Presenter */,
				18DE13A62251F40A009920D7 /* Interactor */,
				18DE13A02251F40A009920D7 /* Router */,
			);
			path = SongListDetailVC;
			sourceTree = "<group>";
		};
		18DE139C2251F40A009920D7 /* View */ = {
			isa = PBXGroup;
			children = (
				18DE139F2251F40A009920D7 /* SongListDetailVC.h */,
				18DE139D2251F40A009920D7 /* SongListDetailVC.m */,
				18DE139E2251F40A009920D7 /* SongListDetailVCProtocol.h */,
			);
			path = View;
			sourceTree = "<group>";
		};
		18DE13A02251F40A009920D7 /* Router */ = {
			isa = PBXGroup;
			children = (
				18DE13A12251F40A009920D7 /* SongListDetailVCRouter.h */,
				18DE13A22251F40A009920D7 /* SongListDetailVCRouter.m */,
			);
			path = Router;
			sourceTree = "<group>";
		};
		18DE13A32251F40A009920D7 /* Presenter */ = {
			isa = PBXGroup;
			children = (
				18DE13A52251F40A009920D7 /* SongListDetailVCPresenter.h */,
				18DE13A42251F40A009920D7 /* SongListDetailVCPresenter.m */,
			);
			path = Presenter;
			sourceTree = "<group>";
		};
		18DE13A62251F40A009920D7 /* Interactor */ = {
			isa = PBXGroup;
			children = (
				18DE13A82251F40A009920D7 /* SongListDetailVCInteractor.h */,
				18DE13A72251F40A009920D7 /* SongListDetailVCInteractor.m */,
			);
			path = Interactor;
			sourceTree = "<group>";
		};
		18DE13B02251F790009920D7 /* cell */ = {
			isa = PBXGroup;
			children = (
				18DE13AD2251F78C009920D7 /* MusicInfoCell.h */,
				18DE13AE2251F78C009920D7 /* MusicInfoCell.m */,
			);
			path = cell;
			sourceTree = "<group>";
		};
		18E52ED0225304F700EF8BF6 /* MusicListCell */ = {
			isa = PBXGroup;
			children = (
				18E52ED12253050C00EF8BF6 /* MusicListCell.h */,
				18E52ED22253050C00EF8BF6 /* MusicListCell.m */,
			);
			path = MusicListCell;
			sourceTree = "<group>";
		};
		87C314330D17CE51241C552F /* Pods */ = {
			isa = PBXGroup;
			children = (
				10C5C4B7FE0029CD46C0C165 /* Pods-LM.debug.xcconfig */,
				D517352033FD9281F808A739 /* Pods-LM.release.xcconfig */,
				4BD68A1A6DDCAC558466342A /* Pods-LMTests.debug.xcconfig */,
				078253BCBD17386773F1E16B /* Pods-LMTests.release.xcconfig */,
				767D491D9049577971B2EEE5 /* Pods-LMUITests.debug.xcconfig */,
				80F3B930C3AFCB09C6C2E77B /* Pods-LMUITests.release.xcconfig */,
			);
			path = Pods;
			sourceTree = "<group>";
		};
		C32678FB25145FB9007CADFC /* widget */ = {
			isa = PBXGroup;
			children = (
				C32678FC25145FB9007CADFC /* widget.swift */,
				C32678FE25145FB9007CADFC /* widget.intentdefinition */,
				C32678FF25145FBB007CADFC /* Assets.xcassets */,
				C326790125145FBB007CADFC /* Info.plist */,
			);
			path = widget;
			sourceTree = "<group>";
		};
/* End PBXGroup section */

/* Begin PBXNativeTarget section */
		183BF3D5224A1DBB004DE115 /* LM */ = {
			isa = PBXNativeTarget;
			buildConfigurationList = 183BF402224A1DBE004DE115 /* Build configuration list for PBXNativeTarget "LM" */;
			buildPhases = (
				0D727AA5A18AB5447BBC5E57 /* [CP] Check Pods Manifest.lock */,
				183BF3D2224A1DBB004DE115 /* Sources */,
				183BF3D3224A1DBB004DE115 /* Frameworks */,
				183BF3D4224A1DBB004DE115 /* Resources */,
				EAD493DC8779B4AE55FC3BBA /* [CP] Copy Pods Resources */,
				C326790725145FBB007CADFC /* Embed App Extensions */,
			);
			buildRules = (
			);
			dependencies = (
				C326790525145FBB007CADFC /* PBXTargetDependency */,
			);
			name = LM;
			productName = LM;
			productReference = 183BF3D6224A1DBB004DE115 /* LM.app */;
			productType = "com.apple.product-type.application";
		};
		C32678F525145FB9007CADFC /* widgetExtension */ = {
			isa = PBXNativeTarget;
			buildConfigurationList = C326790A25145FBB007CADFC /* Build configuration list for PBXNativeTarget "widgetExtension" */;
			buildPhases = (
				C32678F225145FB9007CADFC /* Sources */,
				C32678F325145FB9007CADFC /* Frameworks */,
				C32678F425145FB9007CADFC /* Resources */,
			);
			buildRules = (
			);
			dependencies = (
			);
			name = widgetExtension;
			productName = widgetExtension;
			productReference = C32678F625145FB9007CADFC /* widgetExtension.appex */;
			productType = "com.apple.product-type.app-extension";
		};
/* End PBXNativeTarget section */

/* Begin PBXProject section */
		183BF3CE224A1DBB004DE115 /* Project object */ = {
			isa = PBXProject;
			attributes = {
				LastSwiftUpdateCheck = 1200;
				LastUpgradeCheck = 1010;
				ORGANIZATIONNAME = popor;
				TargetAttributes = {
					183BF3D5224A1DBB004DE115 = {
						CreatedOnToolsVersion = 10.1;
						SystemCapabilities = {
							com.apple.BackgroundModes = {
								enabled = 1;
							};
						};
					};
					C32678F525145FB9007CADFC = {
						CreatedOnToolsVersion = 12.0;
					};
				};
			};
			buildConfigurationList = 183BF3D1224A1DBB004DE115 /* Build configuration list for PBXProject "LM" */;
			compatibilityVersion = "Xcode 9.3";
			developmentRegion = en;
			hasScannedForEncodings = 0;
			knownRegions = (
				en,
				Base,
				"zh-Hans",
			);
			mainGroup = 183BF3CD224A1DBB004DE115;
			productRefGroup = 183BF3D7224A1DBB004DE115 /* Products */;
			projectDirPath = "";
			projectRoot = "";
			targets = (
				183BF3D5224A1DBB004DE115 /* LM */,
				C32678F525145FB9007CADFC /* widgetExtension */,
			);
		};
/* End PBXProject section */

/* Begin PBXResourcesBuildPhase section */
		183BF3D4224A1DBB004DE115 /* Resources */ = {
			isa = PBXResourcesBuildPhase;
			buildActionMask = 2147483647;
			files = (
				183BF3E6224A1DBD004DE115 /* LaunchScreen.storyboard in Resources */,
				183BF3E3224A1DBD004DE115 /* Assets.xcassets in Resources */,
				18E94AAD22609076009A6C8C /* README.md in Resources */,
				183BF3E1224A1DBB004DE115 /* Main.storyboard in Resources */,
			);
			runOnlyForDeploymentPostprocessing = 0;
		};
		C32678F425145FB9007CADFC /* Resources */ = {
			isa = PBXResourcesBuildPhase;
			buildActionMask = 2147483647;
			files = (
				C326790025145FBB007CADFC /* Assets.xcassets in Resources */,
			);
			runOnlyForDeploymentPostprocessing = 0;
		};
/* End PBXResourcesBuildPhase section */

/* Begin PBXShellScriptBuildPhase section */
		0D727AA5A18AB5447BBC5E57 /* [CP] Check Pods Manifest.lock */ = {
			isa = PBXShellScriptBuildPhase;
			buildActionMask = 2147483647;
			files = (
			);
			inputFileListPaths = (
			);
			inputPaths = (
				"${PODS_PODFILE_DIR_PATH}/Podfile.lock",
				"${PODS_ROOT}/Manifest.lock",
			);
			name = "[CP] Check Pods Manifest.lock";
			outputFileListPaths = (
			);
			outputPaths = (
				"$(DERIVED_FILE_DIR)/Pods-LM-checkManifestLockResult.txt",
			);
			runOnlyForDeploymentPostprocessing = 0;
			shellPath = /bin/sh;
			shellScript = "diff \"${PODS_PODFILE_DIR_PATH}/Podfile.lock\" \"${PODS_ROOT}/Manifest.lock\" > /dev/null\nif [ $? != 0 ] ; then\n    # print error to STDERR\n    echo \"error: The sandbox is not in sync with the Podfile.lock. Run 'pod install' or update your CocoaPods installation.\" >&2\n    exit 1\nfi\n# This output is used by Xcode 'outputs' to avoid re-running this script phase.\necho \"SUCCESS\" > \"${SCRIPT_OUTPUT_FILE_0}\"\n";
			showEnvVarsInLog = 0;
		};
		EAD493DC8779B4AE55FC3BBA /* [CP] Copy Pods Resources */ = {
			isa = PBXShellScriptBuildPhase;
			buildActionMask = 2147483647;
			files = (
			);
			inputFileListPaths = (
				"${PODS_ROOT}/Target Support Files/Pods-LM/Pods-LM-resources-${CONFIGURATION}-input-files.xcfilelist",
			);
			name = "[CP] Copy Pods Resources";
			outputFileListPaths = (
				"${PODS_ROOT}/Target Support Files/Pods-LM/Pods-LM-resources-${CONFIGURATION}-output-files.xcfilelist",
			);
			runOnlyForDeploymentPostprocessing = 0;
			shellPath = /bin/sh;
			shellScript = "\"${PODS_ROOT}/Target Support Files/Pods-LM/Pods-LM-resources.sh\"\n";
			showEnvVarsInLog = 0;
		};
/* End PBXShellScriptBuildPhase section */

/* Begin PBXSourcesBuildPhase section */
		183BF3D2224A1DBB004DE115 /* Sources */ = {
			isa = PBXSourcesBuildPhase;
			buildActionMask = 2147483647;
			files = (
				183BF3E9224A1DBD004DE115 /* main.m in Sources */,
				183BF3DB224A1DBB004DE115 /* AppDelegate.m in Sources */,
				185615AE224DC23A004BE073 /* WifiAddFileVCInteractor.m in Sources */,
				184CD1CB224CA66800241B9C /* MusicPlayBar.m in Sources */,
				1856158E224DBF0E004BE073 /* MusicPlayList.m in Sources */,
				183BF426224A22EC004DE115 /* RootVC.m in Sources */,
				189A5DEE225C94A8001E8A9D /* AppNetRecordConfig.m in Sources */,
				180E33BD224DE806008C176D /* LocalMusicVC.m in Sources */,
				18DE13AC2251F40A009920D7 /* SongListDetailVCInteractor.m in Sources */,
				180E33BC224DE806008C176D /* LocalMusicVCRouter.m in Sources */,
				185615AD224DC23A004BE073 /* WifiAddFileVCPresenter.m in Sources */,
				18DE13A92251F40A009920D7 /* SongListDetailVC.m in Sources */,
				180E33BA224DE806008C176D /* LocalMusicVCPresenter.m in Sources */,
				183BF425224A22EC004DE115 /* RootVCRouter.m in Sources */,
				183BF428224A22EC004DE115 /* RootVCPresenter.m in Sources */,
				189A5DF1225C95E6001E8A9D /* AppVersionCheck.m in Sources */,
				18DE13AB2251F40A009920D7 /* SongListDetailVCPresenter.m in Sources */,
				18DE138F2251AAC9009920D7 /* MusicPlayTool.m in Sources */,
				180E33BB224DE806008C176D /* LocalMusicVCInteractor.m in Sources */,
				185615AC224DC23A004BE073 /* WifiAddFileVCRouter.m in Sources */,
				185615AF224DC23A004BE073 /* WifiAddFileVC.m in Sources */,
				18E52ED32253050C00EF8BF6 /* MusicListCell.m in Sources */,
				180E33C1224E11AF008C176D /* FileTool.m in Sources */,
				180E33C4224E11F7008C176D /* FileEntity.m in Sources */,
				18DE13AA2251F40A009920D7 /* SongListDetailVCRouter.m in Sources */,
				183BF42F224A263A004DE115 /* UINavigationController+Jch.m in Sources */,
				183BF427224A22EC004DE115 /* RootVCInteractor.m in Sources */,
				18DE13AF2251F78C009920D7 /* MusicInfoCell.m in Sources */,
				C326790325145FBB007CADFC /* widget.intentdefinition in Sources */,
				18561595224DC089004BE073 /* MusicConfig.m in Sources */,
				18DE13922251BD5F009920D7 /* MusicPlayListTool.m in Sources */,
			);
			runOnlyForDeploymentPostprocessing = 0;
		};
		C32678F225145FB9007CADFC /* Sources */ = {
			isa = PBXSourcesBuildPhase;
			buildActionMask = 2147483647;
			files = (
				C326790225145FBB007CADFC /* widget.intentdefinition in Sources */,
				C32678FD25145FB9007CADFC /* widget.swift in Sources */,
			);
			runOnlyForDeploymentPostprocessing = 0;
		};
/* End PBXSourcesBuildPhase section */

/* Begin PBXTargetDependency section */
		C326790525145FBB007CADFC /* PBXTargetDependency */ = {
			isa = PBXTargetDependency;
			target = C32678F525145FB9007CADFC /* widgetExtension */;
			targetProxy = C326790425145FBB007CADFC /* PBXContainerItemProxy */;
		};
/* End PBXTargetDependency section */

/* Begin PBXVariantGroup section */
		183BF3DF224A1DBB004DE115 /* Main.storyboard */ = {
			isa = PBXVariantGroup;
			children = (
				183BF3E0224A1DBB004DE115 /* Base */,
				18D1B3F8225F2BD40014AA89 /* zh-Hans */,
			);
			name = Main.storyboard;
			sourceTree = "<group>";
		};
		183BF3E4224A1DBD004DE115 /* LaunchScreen.storyboard */ = {
			isa = PBXVariantGroup;
			children = (
				183BF3E5224A1DBD004DE115 /* Base */,
				18D1B3F9225F2BD50014AA89 /* zh-Hans */,
			);
			name = LaunchScreen.storyboard;
			sourceTree = "<group>";
		};
/* End PBXVariantGroup section */

/* Begin XCBuildConfiguration section */
		183BF400224A1DBE004DE115 /* Debug */ = {
			isa = XCBuildConfiguration;
			buildSettings = {
				ALWAYS_SEARCH_USER_PATHS = NO;
				CLANG_ANALYZER_LOCALIZABILITY_NONLOCALIZED = YES;
				CLANG_ANALYZER_NONNULL = YES;
				CLANG_ANALYZER_NUMBER_OBJECT_CONVERSION = YES_AGGRESSIVE;
				CLANG_CXX_LANGUAGE_STANDARD = "gnu++14";
				CLANG_CXX_LIBRARY = "libc++";
				CLANG_ENABLE_MODULES = YES;
				CLANG_ENABLE_OBJC_ARC = YES;
				CLANG_ENABLE_OBJC_WEAK = YES;
				CLANG_WARN_BLOCK_CAPTURE_AUTORELEASING = YES;
				CLANG_WARN_BOOL_CONVERSION = YES;
				CLANG_WARN_COMMA = YES;
				CLANG_WARN_CONSTANT_CONVERSION = YES;
				CLANG_WARN_DEPRECATED_OBJC_IMPLEMENTATIONS = YES;
				CLANG_WARN_DIRECT_OBJC_ISA_USAGE = YES_ERROR;
				CLANG_WARN_DOCUMENTATION_COMMENTS = YES;
				CLANG_WARN_EMPTY_BODY = YES;
				CLANG_WARN_ENUM_CONVERSION = YES;
				CLANG_WARN_INFINITE_RECURSION = YES;
				CLANG_WARN_INT_CONVERSION = YES;
				CLANG_WARN_NON_LITERAL_NULL_CONVERSION = YES;
				CLANG_WARN_OBJC_IMPLICIT_RETAIN_SELF = YES;
				CLANG_WARN_OBJC_LITERAL_CONVERSION = YES;
				CLANG_WARN_OBJC_ROOT_CLASS = YES_ERROR;
				CLANG_WARN_RANGE_LOOP_ANALYSIS = YES;
				CLANG_WARN_STRICT_PROTOTYPES = YES;
				CLANG_WARN_SUSPICIOUS_MOVE = YES;
				CLANG_WARN_UNGUARDED_AVAILABILITY = YES_AGGRESSIVE;
				CLANG_WARN_UNREACHABLE_CODE = YES;
				CLANG_WARN__DUPLICATE_METHOD_MATCH = YES;
				CODE_SIGN_IDENTITY = "iPhone Developer";
				COPY_PHASE_STRIP = NO;
				DEBUG_INFORMATION_FORMAT = dwarf;
				ENABLE_STRICT_OBJC_MSGSEND = YES;
				ENABLE_TESTABILITY = YES;
				GCC_C_LANGUAGE_STANDARD = gnu11;
				GCC_DYNAMIC_NO_PIC = NO;
				GCC_NO_COMMON_BLOCKS = YES;
				GCC_OPTIMIZATION_LEVEL = 0;
				GCC_PREPROCESSOR_DEFINITIONS = (
					"DEBUG=1",
					"$(inherited)",
				);
				GCC_WARN_64_TO_32_BIT_CONVERSION = YES;
				GCC_WARN_ABOUT_RETURN_TYPE = YES_ERROR;
				GCC_WARN_UNDECLARED_SELECTOR = YES;
				GCC_WARN_UNINITIALIZED_AUTOS = YES_AGGRESSIVE;
				GCC_WARN_UNUSED_FUNCTION = YES;
				GCC_WARN_UNUSED_VARIABLE = YES;
				IPHONEOS_DEPLOYMENT_TARGET = 12.1;
				MTL_ENABLE_DEBUG_INFO = INCLUDE_SOURCE;
				MTL_FAST_MATH = YES;
				ONLY_ACTIVE_ARCH = YES;
				SDKROOT = iphoneos;
			};
			name = Debug;
		};
		183BF401224A1DBE004DE115 /* Release */ = {
			isa = XCBuildConfiguration;
			buildSettings = {
				ALWAYS_SEARCH_USER_PATHS = NO;
				CLANG_ANALYZER_LOCALIZABILITY_NONLOCALIZED = YES;
				CLANG_ANALYZER_NONNULL = YES;
				CLANG_ANALYZER_NUMBER_OBJECT_CONVERSION = YES_AGGRESSIVE;
				CLANG_CXX_LANGUAGE_STANDARD = "gnu++14";
				CLANG_CXX_LIBRARY = "libc++";
				CLANG_ENABLE_MODULES = YES;
				CLANG_ENABLE_OBJC_ARC = YES;
				CLANG_ENABLE_OBJC_WEAK = YES;
				CLANG_WARN_BLOCK_CAPTURE_AUTORELEASING = YES;
				CLANG_WARN_BOOL_CONVERSION = YES;
				CLANG_WARN_COMMA = YES;
				CLANG_WARN_CONSTANT_CONVERSION = YES;
				CLANG_WARN_DEPRECATED_OBJC_IMPLEMENTATIONS = YES;
				CLANG_WARN_DIRECT_OBJC_ISA_USAGE = YES_ERROR;
				CLANG_WARN_DOCUMENTATION_COMMENTS = YES;
				CLANG_WARN_EMPTY_BODY = YES;
				CLANG_WARN_ENUM_CONVERSION = YES;
				CLANG_WARN_INFINITE_RECURSION = YES;
				CLANG_WARN_INT_CONVERSION = YES;
				CLANG_WARN_NON_LITERAL_NULL_CONVERSION = YES;
				CLANG_WARN_OBJC_IMPLICIT_RETAIN_SELF = YES;
				CLANG_WARN_OBJC_LITERAL_CONVERSION = YES;
				CLANG_WARN_OBJC_ROOT_CLASS = YES_ERROR;
				CLANG_WARN_RANGE_LOOP_ANALYSIS = YES;
				CLANG_WARN_STRICT_PROTOTYPES = YES;
				CLANG_WARN_SUSPICIOUS_MOVE = YES;
				CLANG_WARN_UNGUARDED_AVAILABILITY = YES_AGGRESSIVE;
				CLANG_WARN_UNREACHABLE_CODE = YES;
				CLANG_WARN__DUPLICATE_METHOD_MATCH = YES;
				CODE_SIGN_IDENTITY = "iPhone Developer";
				COPY_PHASE_STRIP = NO;
				DEBUG_INFORMATION_FORMAT = "dwarf-with-dsym";
				ENABLE_NS_ASSERTIONS = NO;
				ENABLE_STRICT_OBJC_MSGSEND = YES;
				GCC_C_LANGUAGE_STANDARD = gnu11;
				GCC_NO_COMMON_BLOCKS = YES;
				GCC_WARN_64_TO_32_BIT_CONVERSION = YES;
				GCC_WARN_ABOUT_RETURN_TYPE = YES_ERROR;
				GCC_WARN_UNDECLARED_SELECTOR = YES;
				GCC_WARN_UNINITIALIZED_AUTOS = YES_AGGRESSIVE;
				GCC_WARN_UNUSED_FUNCTION = YES;
				GCC_WARN_UNUSED_VARIABLE = YES;
				IPHONEOS_DEPLOYMENT_TARGET = 12.1;
				MTL_ENABLE_DEBUG_INFO = NO;
				MTL_FAST_MATH = YES;
				SDKROOT = iphoneos;
				VALIDATE_PRODUCT = YES;
			};
			name = Release;
		};
		183BF403224A1DBE004DE115 /* Debug */ = {
			isa = XCBuildConfiguration;
			baseConfigurationReference = 10C5C4B7FE0029CD46C0C165 /* Pods-LM.debug.xcconfig */;
			buildSettings = {
				ALWAYS_EMBED_SWIFT_STANDARD_LIBRARIES = YES;
				ASSETCATALOG_COMPILER_APPICON_NAME = AppIcon;
				CODE_SIGN_STYLE = Automatic;
				DEVELOPMENT_TEAM = 7DUQZP3WD7;
				GCC_PREFIX_HEADER = LM/AppPrefix.h;
				INFOPLIST_FILE = LM/Info.plist;
				IPHONEOS_DEPLOYMENT_TARGET = 9.1;
				LD_RUNPATH_SEARCH_PATHS = (
					"$(inherited)",
					"@executable_path/Frameworks",
				);
				MARKETING_VERSION = 1.5;
				PRODUCT_BUNDLE_IDENTIFIER = com.xyeduzj.LM;
				PRODUCT_NAME = "$(TARGET_NAME)";
				TARGETED_DEVICE_FAMILY = "1,2";
			};
			name = Debug;
		};
		183BF404224A1DBE004DE115 /* Release */ = {
			isa = XCBuildConfiguration;
			baseConfigurationReference = D517352033FD9281F808A739 /* Pods-LM.release.xcconfig */;
			buildSettings = {
				ALWAYS_EMBED_SWIFT_STANDARD_LIBRARIES = YES;
				ASSETCATALOG_COMPILER_APPICON_NAME = AppIcon;
				CODE_SIGN_STYLE = Automatic;
				DEVELOPMENT_TEAM = 7DUQZP3WD7;
				GCC_PREFIX_HEADER = LM/AppPrefix.h;
				INFOPLIST_FILE = LM/Info.plist;
				IPHONEOS_DEPLOYMENT_TARGET = 9.1;
				LD_RUNPATH_SEARCH_PATHS = (
					"$(inherited)",
					"@executable_path/Frameworks",
				);
				MARKETING_VERSION = 1.5;
				PRODUCT_BUNDLE_IDENTIFIER = com.xyeduzj.LM;
				PRODUCT_NAME = "$(TARGET_NAME)";
				TARGETED_DEVICE_FAMILY = "1,2";
			};
			name = Release;
		};
		C326790825145FBB007CADFC /* Debug */ = {
			isa = XCBuildConfiguration;
			buildSettings = {
				ASSETCATALOG_COMPILER_GLOBAL_ACCENT_COLOR_NAME = AccentColor;
				ASSETCATALOG_COMPILER_WIDGET_BACKGROUND_COLOR_NAME = WidgetBackground;
				CLANG_WARN_QUOTED_INCLUDE_IN_FRAMEWORK_HEADER = YES;
				CODE_SIGN_STYLE = Automatic;
				DEVELOPMENT_TEAM = 7DUQZP3WD7;
				INFOPLIST_FILE = widget/Info.plist;
				IPHONEOS_DEPLOYMENT_TARGET = 14.0;
				LD_RUNPATH_SEARCH_PATHS = (
					"$(inherited)",
					"@executable_path/Frameworks",
					"@executable_path/../../Frameworks",
				);
				PRODUCT_BUNDLE_IDENTIFIER = com.xyeduzj.LM.widget;
				PRODUCT_NAME = "$(TARGET_NAME)";
				SKIP_INSTALL = YES;
				SWIFT_ACTIVE_COMPILATION_CONDITIONS = DEBUG;
				SWIFT_OPTIMIZATION_LEVEL = "-Onone";
				SWIFT_VERSION = 5.0;
				TARGETED_DEVICE_FAMILY = "1,2";
			};
			name = Debug;
		};
		C326790925145FBB007CADFC /* Release */ = {
			isa = XCBuildConfiguration;
			buildSettings = {
				ASSETCATALOG_COMPILER_GLOBAL_ACCENT_COLOR_NAME = AccentColor;
				ASSETCATALOG_COMPILER_WIDGET_BACKGROUND_COLOR_NAME = WidgetBackground;
				CLANG_WARN_QUOTED_INCLUDE_IN_FRAMEWORK_HEADER = YES;
				CODE_SIGN_STYLE = Automatic;
				DEVELOPMENT_TEAM = 7DUQZP3WD7;
				INFOPLIST_FILE = widget/Info.plist;
				IPHONEOS_DEPLOYMENT_TARGET = 14.0;
				LD_RUNPATH_SEARCH_PATHS = (
					"$(inherited)",
					"@executable_path/Frameworks",
					"@executable_path/../../Frameworks",
				);
				PRODUCT_BUNDLE_IDENTIFIER = com.xyeduzj.LM.widget;
				PRODUCT_NAME = "$(TARGET_NAME)";
				SKIP_INSTALL = YES;
				SWIFT_COMPILATION_MODE = wholemodule;
				SWIFT_OPTIMIZATION_LEVEL = "-O";
				SWIFT_VERSION = 5.0;
				TARGETED_DEVICE_FAMILY = "1,2";
			};
			name = Release;
		};
/* End XCBuildConfiguration section */

/* Begin XCConfigurationList section */
		183BF3D1224A1DBB004DE115 /* Build configuration list for PBXProject "LM" */ = {
			isa = XCConfigurationList;
			buildConfigurations = (
				183BF400224A1DBE004DE115 /* Debug */,
				183BF401224A1DBE004DE115 /* Release */,
			);
			defaultConfigurationIsVisible = 0;
			defaultConfigurationName = Release;
		};
		183BF402224A1DBE004DE115 /* Build configuration list for PBXNativeTarget "LM" */ = {
			isa = XCConfigurationList;
			buildConfigurations = (
				183BF403224A1DBE004DE115 /* Debug */,
				183BF404224A1DBE004DE115 /* Release */,
			);
			defaultConfigurationIsVisible = 0;
			defaultConfigurationName = Release;
		};
		C326790A25145FBB007CADFC /* Build configuration list for PBXNativeTarget "widgetExtension" */ = {
			isa = XCConfigurationList;
			buildConfigurations = (
				C326790825145FBB007CADFC /* Debug */,
				C326790925145FBB007CADFC /* Release */,
			);
			defaultConfigurationIsVisible = 0;
			defaultConfigurationName = Release;
		};
/* End XCConfigurationList section */
	};
	rootObject = 183BF3CE224A1DBB004DE115 /* Project object */;
}
